
Microsoft Visual Studio Solution File, Format Version 12.00
# Visual Studio Version 16
VisualStudioVersion = 16.0.30503.244
MinimumVisualStudioVersion = 15.0.26124.0
Project("{9A19103F-16F7-4668-BE54-9A1E7A4F7556}") = "Project.Service", "Project.Service\Project.Service.csproj", "{8CD22552-55F7-4082-A331-F4AF9FCA6399}"
EndProject
Project("{9A19103F-16F7-4668-BE54-9A1E7A4F7556}") = "Project.MVC", "Project.MVC\Project.MVC.csproj", "{2EDD123A-ED61-4218-B2B4-71A8F98344E3}"
EndProject
Global
	GlobalSection(SolutionConfigurationPlatforms) = preSolution
		Debug|Any CPU = Debug|Any CPU
		Debug|x64 = Debug|x64
		Debug|x86 = Debug|x86
		Release|Any CPU = Release|Any CPU
		Release|x64 = Release|x64
		Release|x86 = Release|x86
	EndGlobalSection
	GlobalSection(ProjectConfigurationPlatforms) = postSolution
		{8CD22552-55F7-4082-A331-F4AF9FCA6399}.Debug|Any CPU.ActiveCfg = Debug|Any CPU
		{8CD22552-55F7-4082-A331-F4AF9FCA6399}.Debug|Any CPU.Build.0 = Debug|Any CPU
		{8CD22552-55F7-4082-A331-F4AF9FCA6399}.Debug|x64.ActiveCfg = Debug|Any CPU
		{8CD22552-55F7-4082-A331-F4AF9FCA6399}.Debug|x64.Build.0 = Debug|Any CPU
		{8CD22552-55F7-4082-A331-F4AF9FCA6399}.Debug|x86.ActiveCfg = Debug|Any CPU
		{8CD22552-55F7-4082-A331-F4AF9FCA6399}.Debug|x86.Build.0 = Debug|Any CPU
		{8CD22552-55F7-4082-A331-F4AF9FCA6399}.Release|Any CPU.ActiveCfg = Release|Any CPU
		{8CD22552-55F7-4082-A331-F4AF9FCA6399}.Release|Any CPU.Build.0 = Release|Any CPU
		{8CD22552-55F7-4082-A331-F4AF9FCA6399}.Release|x64.ActiveCfg = Release|Any CPU
		{8CD22552-55F7-4082-A331-F4AF9FCA6399}.Release|x64.Build.0 = Release|Any CPU
		{8CD22552-55F7-4082-A331-F4AF9FCA6399}.Release|x86.ActiveCfg = Release|Any CPU
		{8CD22552-55F7-4082-A331-F4AF9FCA6399}.Release|x86.Build.0 = Release|Any CPU
		{2EDD123A-ED61-4218-B2B4-71A8F98344E3}.Debug|Any CPU.ActiveCfg = Debug|Any CPU
		{2EDD123A-ED61-4218-B2B4-71A8F98344E3}.Debug|Any CPU.Build.0 = Debug|Any CPU
		{2EDD123A-ED61-4218-B2B4-71A8F98344E3}.Debug|x64.ActiveCfg = Debug|Any CPU
		{2EDD123A-ED61-4218-B2B4-71A8F98344E3}.Debug|x64.Build.0 = Debug|Any CPU
		{2EDD123A-ED61-4218-B2B4-71A8F98344E3}.Debug|x86.ActiveCfg = Debug|Any CPU
		{2EDD123A-ED61-4218-B2B4-71A8F98344E3}.Debug|x86.Build.0 = Debug|Any CPU
		{2EDD123A-ED61-4218-B2B4-71A8F98344E3}.Release|Any CPU.ActiveCfg = Release|Any CPU
		{2EDD123A-ED61-4218-B2B4-71A8F98344E3}.Release|Any CPU.Build.0 = Release|Any CPU
		{2EDD123A-ED61-4218-B2B4-71A8F98344E3}.Release|x64.ActiveCfg = Release|Any CPU
		{2EDD123A-ED61-4218-B2B4-71A8F98344E3}.Release|x64.Build.0 = Release|Any CPU
		{2EDD123A-ED61-4218-B2B4-71A8F98344E3}.Release|x86.ActiveCfg = Release|Any CPU
		{2EDD123A-ED61-4218-B2B4-71A8F98344E3}.Release|x86.Build.0 = Release|Any CPU
	EndGlobalSection
	GlobalSection(SolutionProperties) = preSolution
		HideSolutionNode = FALSE
	EndGlobalSection
	GlobalSection(ExtensibilityGlobals) = postSolution
		SolutionGuid = {02C1F52D-6FE0-417A-9F87-D48A699D7AA0}
	EndGlobalSection
EndGlobal
